
Microsoft Visual Studio Solution File, Format Version 12.00
# Visual Studio Version 17
VisualStudioVersion = 17.3.32929.385
MinimumVisualStudioVersion = 10.0.40219.1
Project("{FAE04EC0-301F-11D3-BF4B-00C04F79EFBC}") = "Exec_DeclareInt_36", "Exec_DeclareInt_36\Exec_DeclareInt_36.csproj", "{459354A9-DD59-40EB-B7BB-6A261FC94D4D}"
EndProject
Global
	GlobalSection(SolutionConfigurationPlatforms) = preSolution
		Debug|Any CPU = Debug|Any CPU
		Release|Any CPU = Release|Any CPU
	EndGlobalSection
	GlobalSection(ProjectConfigurationPlatforms) = postSolution
		{459354A9-DD59-40EB-B7BB-6A261FC94D4D}.Debug|Any CPU.ActiveCfg = Debug|Any CPU
		{459354A9-DD59-40EB-B7BB-6A261FC94D4D}.Debug|Any CPU.Build.0 = Debug|Any CPU
		{459354A9-DD59-40EB-B7BB-6A261FC94D4D}.Release|Any CPU.ActiveCfg = Release|Any CPU
		{459354A9-DD59-40EB-B7BB-6A261FC94D4D}.Release|Any CPU.Build.0 = Release|Any CPU
	EndGlobalSection
	GlobalSection(SolutionProperties) = preSolution
		HideSolutionNode = FALSE
	EndGlobalSection
	GlobalSection(ExtensibilityGlobals) = postSolution
		SolutionGuid = {E4B1D1E7-6DA1-4AE4-875A-B6672A0B528C}
	EndGlobalSection
EndGlobal
